// !$*UTF8*$!
{
	archiveVersion = 1;
	classes = {
	};
	objectVersion = 46;
	objects = {

/* Begin PBXBuildFile section */
		111638A017632F12009979D3 /* libxml2.dylib in Frameworks */ = {isa = PBXBuildFile; fileRef = 1116389F17632F12009979D3 /* libxml2.dylib */; };
		118AFB3E175D908800A6A2FF /* UIKit.framework in Frameworks */ = {isa = PBXBuildFile; fileRef = 118AFB3D175D908800A6A2FF /* UIKit.framework */; };
		118AFB40175D908800A6A2FF /* Foundation.framework in Frameworks */ = {isa = PBXBuildFile; fileRef = 118AFB3F175D908800A6A2FF /* Foundation.framework */; };
		118AFB42175D908800A6A2FF /* CoreGraphics.framework in Frameworks */ = {isa = PBXBuildFile; fileRef = 118AFB41175D908800A6A2FF /* CoreGraphics.framework */; };
		118AFB44175D908800A6A2FF /* ImageIO.framework in Frameworks */ = {isa = PBXBuildFile; fileRef = 118AFB43175D908800A6A2FF /* ImageIO.framework */; };
		118AFB46175D908800A6A2FF /* vTeam.framework in Frameworks */ = {isa = PBXBuildFile; fileRef = 118AFB45175D908800A6A2FF /* vTeam.framework */; };
		118AFB4C175D908800A6A2FF /* InfoPlist.strings in Resources */ = {isa = PBXBuildFile; fileRef = 118AFB4A175D908800A6A2FF /* InfoPlist.strings */; };
		118AFB4E175D908800A6A2FF /* main.m in Sources */ = {isa = PBXBuildFile; fileRef = 118AFB4D175D908800A6A2FF /* main.m */; };
		118AFB5C175D908800A6A2FF /* SEViewController.m in Sources */ = {isa = PBXBuildFile; fileRef = 118AFB5B175D908800A6A2FF /* SEViewController.m */; };
		118AFB60175D908800A6A2FF /* SEThemeDefault.xib in Resources */ = {isa = PBXBuildFile; fileRef = 118AFB5F175D908800A6A2FF /* SEThemeDefault.xib */; };
		118AFB66175D908800A6A2FF /* SEShell.m in Sources */ = {isa = PBXBuildFile; fileRef = 118AFB65175D908800A6A2FF /* SEShell.m */; };
		118AFB68175D908800A6A2FF /* cfg.plist in Resources */ = {isa = PBXBuildFile; fileRef = 118AFB67175D908800A6A2FF /* cfg.plist */; };
		118AFB6A175D908800A6A2FF /* SEMain.xib in Resources */ = {isa = PBXBuildFile; fileRef = 118AFB69175D908800A6A2FF /* SEMain.xib */; };
		118AFBC7175D981600A6A2FF /* libz.dylib in Frameworks */ = {isa = PBXBuildFile; fileRef = 118AFBC6175D981600A6A2FF /* libz.dylib */; };
		118AFBC9175D981A00A6A2FF /* QuartzCore.framework in Frameworks */ = {isa = PBXBuildFile; fileRef = 118AFBC8175D981A00A6A2FF /* QuartzCore.framework */; };
		118AFBCB175D981F00A6A2FF /* Social.framework in Frameworks */ = {isa = PBXBuildFile; fileRef = 118AFBCA175D981F00A6A2FF /* Social.framework */; };
		118AFBDB175D987000A6A2FF /* MessageUI.framework in Frameworks */ = {isa = PBXBuildFile; fileRef = 118AFBDA175D987000A6A2FF /* MessageUI.framework */; };
		118AFBE7175D98F400A6A2FF /* iSocial.framework in Frameworks */ = {isa = PBXBuildFile; fileRef = 118AFBE6175D98F400A6A2FF /* iSocial.framework */; };
		118AFBE9175D990A00A6A2FF /* Default-568h@2x.png in Resources */ = {isa = PBXBuildFile; fileRef = 118AFBE8175D990A00A6A2FF /* Default-568h@2x.png */; };
		118AFBF4175D997000A6A2FF /* libWeChatSDK.a in Frameworks */ = {isa = PBXBuildFile; fileRef = 118AFBF0175D996700A6A2FF /* libWeChatSDK.a */; };
		118AFBF5175D997200A6A2FF /* libWeChatSDK_armv7_armv7s.a in Frameworks */ = {isa = PBXBuildFile; fileRef = 118AFBF2175D996B00A6A2FF /* libWeChatSDK_armv7_armv7s.a */; };
		118AFC0C175D99C500A6A2FF /* bg.png in Resources */ = {isa = PBXBuildFile; fileRef = 118AFBF7175D99C500A6A2FF /* bg.png */; };
		118AFC0D175D99C500A6A2FF /* bg@2x.png in Resources */ = {isa = PBXBuildFile; fileRef = 118AFBF8175D99C500A6A2FF /* bg@2x.png */; };
		118AFC0E175D99C500A6A2FF /* ico_back.png in Resources */ = {isa = PBXBuildFile; fileRef = 118AFBF9175D99C500A6A2FF /* ico_back.png */; };
		118AFC0F175D99C500A6A2FF /* ico_back@2x.png in Resources */ = {isa = PBXBuildFile; fileRef = 118AFBFA175D99C500A6A2FF /* ico_back@2x.png */; };
		118AFC10175D99C500A6A2FF /* item_bg.png in Resources */ = {isa = PBXBuildFile; fileRef = 118AFBFB175D99C500A6A2FF /* item_bg.png */; };
		118AFC11175D99C500A6A2FF /* item_bg@2x.png in Resources */ = {isa = PBXBuildFile; fileRef = 118AFBFC175D99C500A6A2FF /* item_bg@2x.png */; };
		118AFC12175D99C500A6A2FF /* heart.png in Resources */ = {isa = PBXBuildFile; fileRef = 118AFBFD175D99C500A6A2FF /* heart.png */; };
		118AFC13175D99C500A6A2FF /* heart@2x.png in Resources */ = {isa = PBXBuildFile; fileRef = 118AFBFE175D99C500A6A2FF /* heart@2x.png */; };
		118AFC14175D99C500A6A2FF /* Shadowright.png in Resources */ = {isa = PBXBuildFile; fileRef = 118AFBFF175D99C500A6A2FF /* Shadowright.png */; };
		118AFC15175D99C500A6A2FF /* Shadowleft.png in Resources */ = {isa = PBXBuildFile; fileRef = 118AFC00175D99C500A6A2FF /* Shadowleft.png */; };
		118AFC16175D99C500A6A2FF /* ref_down.png in Resources */ = {isa = PBXBuildFile; fileRef = 118AFC01175D99C500A6A2FF /* ref_down.png */; };
		118AFC17175D99C500A6A2FF /* Shadowleft@2x.png in Resources */ = {isa = PBXBuildFile; fileRef = 118AFC02175D99C500A6A2FF /* Shadowleft@2x.png */; };
		118AFC18175D99C500A6A2FF /* Shadowright@2x.png in Resources */ = {isa = PBXBuildFile; fileRef = 118AFC03175D99C500A6A2FF /* Shadowright@2x.png */; };
		118AFC19175D99C500A6A2FF /* bar_bg@2x.png in Resources */ = {isa = PBXBuildFile; fileRef = 118AFC04175D99C500A6A2FF /* bar_bg@2x.png */; };
		118AFC1A175D99C500A6A2FF /* ref_down@2x.png in Resources */ = {isa = PBXBuildFile; fileRef = 118AFC05175D99C500A6A2FF /* ref_down@2x.png */; };
		118AFC1B175D99C500A6A2FF /* ico_classify.png in Resources */ = {isa = PBXBuildFile; fileRef = 118AFC06175D99C500A6A2FF /* ico_classify.png */; };
		118AFC1C175D99C500A6A2FF /* ico_classify@2x.png in Resources */ = {isa = PBXBuildFile; fileRef = 118AFC07175D99C500A6A2FF /* ico_classify@2x.png */; };
		118AFC1D175D99C500A6A2FF /* over_top.png in Resources */ = {isa = PBXBuildFile; fileRef = 118AFC08175D99C500A6A2FF /* over_top.png */; };
		118AFC1E175D99C500A6A2FF /* over_top@2x.png in Resources */ = {isa = PBXBuildFile; fileRef = 118AFC09175D99C500A6A2FF /* over_top@2x.png */; };
		118AFC1F175D99C500A6A2FF /* over_down.png in Resources */ = {isa = PBXBuildFile; fileRef = 118AFC0A175D99C500A6A2FF /* over_down.png */; };
		118AFC20175D99C500A6A2FF /* over_down@2x.png in Resources */ = {isa = PBXBuildFile; fileRef = 118AFC0B175D99C500A6A2FF /* over_down@2x.png */; };
		118AFC24175D99E600A6A2FF /* SECenterViewController.m in Sources */ = {isa = PBXBuildFile; fileRef = 118AFC22175D99E600A6A2FF /* SECenterViewController.m */; };
		118AFC25175D99E600A6A2FF /* SECenterViewController.xib in Resources */ = {isa = PBXBuildFile; fileRef = 118AFC23175D99E600A6A2FF /* SECenterViewController.xib */; };
		118AFC29175D9A5600A6A2FF /* SEHomeViewController.m in Sources */ = {isa = PBXBuildFile; fileRef = 118AFC27175D9A5600A6A2FF /* SEHomeViewController.m */; };
		118AFC2A175D9A5600A6A2FF /* SEHomeViewController.xib in Resources */ = {isa = PBXBuildFile; fileRef = 118AFC28175D9A5600A6A2FF /* SEHomeViewController.xib */; };
		118AFC32175D9B9B00A6A2FF /* SESettingViewController.m in Sources */ = {isa = PBXBuildFile; fileRef = 118AFC30175D9B9B00A6A2FF /* SESettingViewController.m */; };
		118AFC33175D9B9B00A6A2FF /* SESettingViewController.xib in Resources */ = {isa = PBXBuildFile; fileRef = 118AFC31175D9B9B00A6A2FF /* SESettingViewController.xib */; };
		118AFC37175D9BC200A6A2FF /* SESourceViewController.m in Sources */ = {isa = PBXBuildFile; fileRef = 118AFC35175D9BC100A6A2FF /* SESourceViewController.m */; };
		118AFC38175D9BC200A6A2FF /* SESourceViewController.xib in Resources */ = {isa = PBXBuildFile; fileRef = 118AFC36175D9BC100A6A2FF /* SESourceViewController.xib */; };
		118AFC3B175D9D7200A6A2FF /* SEFallsDataController.m in Sources */ = {isa = PBXBuildFile; fileRef = 118AFC3A175D9D7200A6A2FF /* SEFallsDataController.m */; };
		118AFC4A175DA3E000A6A2FF /* libsqlite3.dylib in Frameworks */ = {isa = PBXBuildFile; fileRef = 118AFC49175DA3E000A6A2FF /* libsqlite3.dylib */; };
		118AFC57175DB89000A6A2FF /* SESourceDataSource.m in Sources */ = {isa = PBXBuildFile; fileRef = 118AFC56175DB89000A6A2FF /* SESourceDataSource.m */; };
		118AFC83175DC33E00A6A2FF /* SESourceDataController.m in Sources */ = {isa = PBXBuildFile; fileRef = 118AFC82175DC33E00A6A2FF /* SESourceDataController.m */; };
		118AFCAF175DCC4700A6A2FF /* InfoPlist.strings in Resources */ = {isa = PBXBuildFile; fileRef = 118AFCAD175DCC4700A6A2FF /* InfoPlist.strings */; };
		118AFCB8175DCCDD00A6A2FF /* iSeeSources.bundle in Resources */ = {isa = PBXBuildFile; fileRef = 118AFCA8175DCC4700A6A2FF /* iSeeSources.bundle */; };
		118AFCBA175DD0D800A6A2FF /* BaiduSourceItem.xib in Resources */ = {isa = PBXBuildFile; fileRef = 118AFCB9175DD0D800A6A2FF /* BaiduSourceItem.xib */; };
		118AFCBE175DD42D00A6A2FF /* SEImageView.m in Sources */ = {isa = PBXBuildFile; fileRef = 118AFCBD175DD42D00A6A2FF /* SEImageView.m */; };
		118AFCC1175DDE7100A6A2FF /* SEGridDataController.m in Sources */ = {isa = PBXBuildFile; fileRef = 118AFCC0175DDE7000A6A2FF /* SEGridDataController.m */; };
		118AFCC4175DE01600A6A2FF /* SEURLDataSource.m in Sources */ = {isa = PBXBuildFile; fileRef = 118AFCC3175DE01600A6A2FF /* SEURLDataSource.m */; };
		118AFCC8175DE3AD00A6A2FF /* SEURLService.m in Sources */ = {isa = PBXBuildFile; fileRef = 118AFCC7175DE3AD00A6A2FF /* SEURLService.m */; };
		11D6F6F1175DE75D006C091C /* BaiduItem.xib in Resources */ = {isa = PBXBuildFile; fileRef = 11D6F6F0175DE75D006C091C /* BaiduItem.xib */; };
		11D6F6F7175ED35D006C091C /* SEImageViewController.m in Sources */ = {isa = PBXBuildFile; fileRef = 11D6F6F5175ED35D006C091C /* SEImageViewController.m */; };
		11D6F6F8175ED35D006C091C /* SEImageViewController.xib in Resources */ = {isa = PBXBuildFile; fileRef = 11D6F6F6175ED35D006C091C /* SEImageViewController.xib */; };
		11D6F706175ED6E5006C091C /* BaiduDetailItem.xib in Resources */ = {isa = PBXBuildFile; fileRef = 11D6F705175ED6E5006C091C /* BaiduDetailItem.xib */; };
		11D6F709175ED714006C091C /* SEPhotoItemViewController.m in Sources */ = {isa = PBXBuildFile; fileRef = 11D6F708175ED713006C091C /* SEPhotoItemViewController.m */; };
		11D6F70B175ED9FE006C091C /* Localizable.strings in Resources */ = {isa = PBXBuildFile; fileRef = 11D6F70A175ED9FD006C091C /* Localizable.strings */; };
		11D6F715175EED3F006C091C /* WXApi.h in Resources */ = {isa = PBXBuildFile; fileRef = 11D6F710175EED3F006C091C /* WXApi.h */; };
		11D6F716175EED3F006C091C /* WXApiObject.h in Resources */ = {isa = PBXBuildFile; fileRef = 11D6F711175EED3F006C091C /* WXApiObject.h */; };
		11D6F71A175F3087006C091C /* SEContainerViewController.m in Sources */ = {isa = PBXBuildFile; fileRef = 11D6F719175F3081006C091C /* SEContainerViewController.m */; };
		11D6F71F175F311F006C091C /* SEGridViewController.xib in Resources */ = {isa = PBXBuildFile; fileRef = 11D6F71D175F311E006C091C /* SEGridViewController.xib */; };
		11D6F721175F3755006C091C /* SEFallsViewController.xib in Resources */ = {isa = PBXBuildFile; fileRef = 11D6F720175F3755006C091C /* SEFallsViewController.xib */; };
		11D6F72C175F3FEA006C091C /* MeilishuoSourceItem.xib in Resources */ = {isa = PBXBuildFile; fileRef = 11D6F72B175F3FEA006C091C /* MeilishuoSourceItem.xib */; };
		11D6F72E175F4038006C091C /* MeilishuoItem.xib in Resources */ = {isa = PBXBuildFile; fileRef = 11D6F72D175F4037006C091C /* MeilishuoItem.xib */; };
		11D6F730175F4074006C091C /* MeilishuoDetailItem.xib in Resources */ = {isa = PBXBuildFile; fileRef = 11D6F72F175F4074006C091C /* MeilishuoDetailItem.xib */; };
		11EE82791760724200219D52 /* SEBrowserViewController.m in Sources */ = {isa = PBXBuildFile; fileRef = 11EE82771760724200219D52 /* SEBrowserViewController.m */; };
		11EE827A1760724200219D52 /* SEBrowserViewController.xib in Resources */ = {isa = PBXBuildFile; fileRef = 11EE82781760724200219D52 /* SEBrowserViewController.xib */; };
/* End PBXBuildFile section */

/* Begin PBXContainerItemProxy section */
		118AFBBF175D97E200A6A2FF /* PBXContainerItemProxy */ = {
			isa = PBXContainerItemProxy;
			containerPortal = 118AFBBA175D97E200A6A2FF /* iSocial.xcodeproj */;
			proxyType = 2;
			remoteGlobalIDString = 118AFB8E175D913200A6A2FF;
			remoteInfo = iSocial;
		};
		118AFBCE175D982B00A6A2FF /* PBXContainerItemProxy */ = {
			isa = PBXContainerItemProxy;
			containerPortal = 118AFBBA175D97E200A6A2FF /* iSocial.xcodeproj */;
			proxyType = 1;
			remoteGlobalIDString = 118AFB8D175D913200A6A2FF;
			remoteInfo = iSocial;
		};
		118AFBD8175D986700A6A2FF /* PBXContainerItemProxy */ = {
			isa = PBXContainerItemProxy;
			containerPortal = 118AFBD4175D986700A6A2FF /* vTeam.xcodeproj */;
			proxyType = 2;
			remoteGlobalIDString = 114772F41727DE5200196FB2;
			remoteInfo = vTeam;
		};
		118AFBDC175D987A00A6A2FF /* PBXContainerItemProxy */ = {
			isa = PBXContainerItemProxy;
			containerPortal = 118AFBD4175D986700A6A2FF /* vTeam.xcodeproj */;
			proxyType = 1;
			remoteGlobalIDString = 114772F31727DE5200196FB2;
			remoteInfo = vTeam;
		};
		118AFCB6175DCC6E00A6A2FF /* PBXContainerItemProxy */ = {
			isa = PBXContainerItemProxy;
			containerPortal = 118AFB32175D908800A6A2FF /* Project object */;
			proxyType = 1;
			remoteGlobalIDString = 118AFCA7175DCC4700A6A2FF;
			remoteInfo = iSeeSources;
		};
/* End PBXContainerItemProxy section */

/* Begin PBXFileReference section */
		1116389F17632F12009979D3 /* libxml2.dylib */ = {isa = PBXFileReference; lastKnownFileType = "compiled.mach-o.dylib"; name = libxml2.dylib; path = usr/lib/libxml2.dylib; sourceTree = SDKROOT; };
		118AFB3A175D908800A6A2FF /* iSee.app */ = {isa = PBXFileReference; explicitFileType = wrapper.application; includeInIndex = 0; path = iSee.app; sourceTree = BUILT_PRODUCTS_DIR; };
		118AFB3D175D908800A6A2FF /* UIKit.framework */ = {isa = PBXFileReference; lastKnownFileType = wrapper.framework; name = UIKit.framework; path = System/Library/Frameworks/UIKit.framework; sourceTree = SDKROOT; };
		118AFB3F175D908800A6A2FF /* Foundation.framework */ = {isa = PBXFileReference; lastKnownFileType = wrapper.framework; name = Foundation.framework; path = System/Library/Frameworks/Foundation.framework; sourceTree = SDKROOT; };
		118AFB41175D908800A6A2FF /* CoreGraphics.framework */ = {isa = PBXFileReference; lastKnownFileType = wrapper.framework; name = CoreGraphics.framework; path = System/Library/Frameworks/CoreGraphics.framework; sourceTree = SDKROOT; };
		118AFB43175D908800A6A2FF /* ImageIO.framework */ = {isa = PBXFileReference; lastKnownFileType = wrapper.framework; name = ImageIO.framework; path = System/Library/Frameworks/ImageIO.framework; sourceTree = SDKROOT; };
		118AFB45175D908800A6A2FF /* vTeam.framework */ = {isa = PBXFileReference; lastKnownFileType = wrapper.framework; name = vTeam.framework; path = Library/Frameworks/vTeam.framework; sourceTree = DEVELOPER_DIR; };
		118AFB49175D908800A6A2FF /* iSee-Info.plist */ = {isa = PBXFileReference; lastKnownFileType = text.plist.xml; path = "iSee-Info.plist"; sourceTree = "<group>"; };
		118AFB4B175D908800A6A2FF /* en */ = {isa = PBXFileReference; lastKnownFileType = text.plist.strings; name = en; path = en.lproj/InfoPlist.strings; sourceTree = "<group>"; };
		118AFB4D175D908800A6A2FF /* main.m */ = {isa = PBXFileReference; lastKnownFileType = sourcecode.c.objc; path = main.m; sourceTree = "<group>"; };
		118AFB4F175D908800A6A2FF /* iSee-Prefix.pch */ = {isa = PBXFileReference; lastKnownFileType = sourcecode.c.h; path = "iSee-Prefix.pch"; sourceTree = "<group>"; };
		118AFB5A175D908800A6A2FF /* SEViewController.h */ = {isa = PBXFileReference; lastKnownFileType = sourcecode.c.h; path = SEViewController.h; sourceTree = "<group>"; };
		118AFB5B175D908800A6A2FF /* SEViewController.m */ = {isa = PBXFileReference; lastKnownFileType = sourcecode.c.objc; path = SEViewController.m; sourceTree = "<group>"; };
		118AFB5F175D908800A6A2FF /* SEThemeDefault.xib */ = {isa = PBXFileReference; lastKnownFileType = file.xib; path = SEThemeDefault.xib; sourceTree = "<group>"; };
		118AFB63175D908800A6A2FF /* SEContext.h */ = {isa = PBXFileReference; lastKnownFileType = sourcecode.c.h; path = SEContext.h; sourceTree = "<group>"; };
		118AFB64175D908800A6A2FF /* SEShell.h */ = {isa = PBXFileReference; lastKnownFileType = sourcecode.c.h; path = SEShell.h; sourceTree = "<group>"; };
		118AFB65175D908800A6A2FF /* SEShell.m */ = {isa = PBXFileReference; lastKnownFileType = sourcecode.c.objc; path = SEShell.m; sourceTree = "<group>"; };
		118AFB67175D908800A6A2FF /* cfg.plist */ = {isa = PBXFileReference; lastKnownFileType = text.plist.xml; path = cfg.plist; sourceTree = "<group>"; };
		118AFB69175D908800A6A2FF /* SEMain.xib */ = {isa = PBXFileReference; lastKnownFileType = file.xib; path = SEMain.xib; sourceTree = "<group>"; };
		118AFBBA175D97E200A6A2FF /* iSocial.xcodeproj */ = {isa = PBXFileReference; lastKnownFileType = "wrapper.pb-project"; name = iSocial.xcodeproj; path = ../../iSocial/iSocial/iSocial.xcodeproj; sourceTree = "<group>"; };
		118AFBC6175D981600A6A2FF /* libz.dylib */ = {isa = PBXFileReference; lastKnownFileType = "compiled.mach-o.dylib"; name = libz.dylib; path = usr/lib/libz.dylib; sourceTree = SDKROOT; };
		118AFBC8175D981A00A6A2FF /* QuartzCore.framework */ = {isa = PBXFileReference; lastKnownFileType = wrapper.framework; name = QuartzCore.framework; path = System/Library/Frameworks/QuartzCore.framework; sourceTree = SDKROOT; };
		118AFBCA175D981F00A6A2FF /* Social.framework */ = {isa = PBXFileReference; lastKnownFileType = wrapper.framework; name = Social.framework; path = System/Library/Frameworks/Social.framework; sourceTree = SDKROOT; };
		118AFBD4175D986700A6A2FF /* vTeam.xcodeproj */ = {isa = PBXFileReference; lastKnownFileType = "wrapper.pb-project"; name = vTeam.xcodeproj; path = ../../vTeam/vTeam/vTeam.xcodeproj; sourceTree = "<group>"; };
		118AFBDA175D987000A6A2FF /* MessageUI.framework */ = {isa = PBXFileReference; lastKnownFileType = wrapper.framework; name = MessageUI.framework; path = System/Library/Frameworks/MessageUI.framework; sourceTree = SDKROOT; };
		118AFBE6175D98F400A6A2FF /* iSocial.framework */ = {isa = PBXFileReference; lastKnownFileType = wrapper.framework; name = iSocial.framework; path = "../../../../Library/Developer/Xcode/DerivedData/iSee-fehjetqbwerayhcecsvuvcqumwlj/Build/Products/Debug-iphoneos/iSocial.framework"; sourceTree = "<group>"; };
		118AFBE8175D990A00A6A2FF /* Default-568h@2x.png */ = {isa = PBXFileReference; lastKnownFileType = image.png; name = "Default-568h@2x.png"; path = "../Default-568h@2x.png"; sourceTree = "<group>"; };
		118AFBF0175D996700A6A2FF /* libWeChatSDK.a */ = {isa = PBXFileReference; lastKnownFileType = archive.ar; name = libWeChatSDK.a; path = ../../iSocial/iSocial/WeChatSDK/libWeChatSDK.a; sourceTree = "<group>"; };
		118AFBF2175D996B00A6A2FF /* libWeChatSDK_armv7_armv7s.a */ = {isa = PBXFileReference; lastKnownFileType = archive.ar; name = libWeChatSDK_armv7_armv7s.a; path = ../../iSocial/iSocial/WeChatSDK/libWeChatSDK_armv7_armv7s.a; sourceTree = "<group>"; };
		118AFBF7175D99C500A6A2FF /* bg.png */ = {isa = PBXFileReference; lastKnownFileType = image.png; path = bg.png; sourceTree = "<group>"; };
		118AFBF8175D99C500A6A2FF /* bg@2x.png */ = {isa = PBXFileReference; lastKnownFileType = image.png; path = "bg@2x.png"; sourceTree = "<group>"; };
		118AFBF9175D99C500A6A2FF /* ico_back.png */ = {isa = PBXFileReference; lastKnownFileType = image.png; path = ico_back.png; sourceTree = "<group>"; };
		118AFBFA175D99C500A6A2FF /* ico_back@2x.png */ = {isa = PBXFileReference; lastKnownFileType = image.png; path = "ico_back@2x.png"; sourceTree = "<group>"; };
		118AFBFB175D99C500A6A2FF /* item_bg.png */ = {isa = PBXFileReference; lastKnownFileType = image.png; path = item_bg.png; sourceTree = "<group>"; };
		118AFBFC175D99C500A6A2FF /* item_bg@2x.png */ = {isa = PBXFileReference; lastKnownFileType = image.png; path = "item_bg@2x.png"; sourceTree = "<group>"; };
		118AFBFD175D99C500A6A2FF /* heart.png */ = {isa = PBXFileReference; lastKnownFileType = image.png; path = heart.png; sourceTree = "<group>"; };
		118AFBFE175D99C500A6A2FF /* heart@2x.png */ = {isa = PBXFileReference; lastKnownFileType = image.png; path = "heart@2x.png"; sourceTree = "<group>"; };
		118AFBFF175D99C500A6A2FF /* Shadowright.png */ = {isa = PBXFileReference; lastKnownFileType = image.png; path = Shadowright.png; sourceTree = "<group>"; };
		118AFC00175D99C500A6A2FF /* Shadowleft.png */ = {isa = PBXFileReference; lastKnownFileType = image.png; path = Shadowleft.png; sourceTree = "<group>"; };
		118AFC01175D99C500A6A2FF /* ref_down.png */ = {isa = PBXFileReference; lastKnownFileType = image.png; path = ref_down.png; sourceTree = "<group>"; };
		118AFC02175D99C500A6A2FF /* Shadowleft@2x.png */ = {isa = PBXFileReference; lastKnownFileType = image.png; path = "Shadowleft@2x.png"; sourceTree = "<group>"; };
		118AFC03175D99C500A6A2FF /* Shadowright@2x.png */ = {isa = PBXFileReference; lastKnownFileType = image.png; path = "Shadowright@2x.png"; sourceTree = "<group>"; };
		118AFC04175D99C500A6A2FF /* bar_bg@2x.png */ = {isa = PBXFileReference; lastKnownFileType = image.png; path = "bar_bg@2x.png"; sourceTree = "<group>"; };
		118AFC05175D99C500A6A2FF /* ref_down@2x.png */ = {isa = PBXFileReference; lastKnownFileType = image.png; path = "ref_down@2x.png"; sourceTree = "<group>"; };
		118AFC06175D99C500A6A2FF /* ico_classify.png */ = {isa = PBXFileReference; lastKnownFileType = image.png; path = ico_classify.png; sourceTree = "<group>"; };
		118AFC07175D99C500A6A2FF /* ico_classify@2x.png */ = {isa = PBXFileReference; lastKnownFileType = image.png; path = "ico_classify@2x.png"; sourceTree = "<group>"; };
		118AFC08175D99C500A6A2FF /* over_top.png */ = {isa = PBXFileReference; lastKnownFileType = image.png; path = over_top.png; sourceTree = "<group>"; };
		118AFC09175D99C500A6A2FF /* over_top@2x.png */ = {isa = PBXFileReference; lastKnownFileType = image.png; path = "over_top@2x.png"; sourceTree = "<group>"; };
		118AFC0A175D99C500A6A2FF /* over_down.png */ = {isa = PBXFileReference; lastKnownFileType = image.png; path = over_down.png; sourceTree = "<group>"; };
		118AFC0B175D99C500A6A2FF /* over_down@2x.png */ = {isa = PBXFileReference; lastKnownFileType = image.png; path = "over_down@2x.png"; sourceTree = "<group>"; };
		118AFC21175D99E600A6A2FF /* SECenterViewController.h */ = {isa = PBXFileReference; fileEncoding = 4; lastKnownFileType = sourcecode.c.h; path = SECenterViewController.h; sourceTree = "<group>"; };
		118AFC22175D99E600A6A2FF /* SECenterViewController.m */ = {isa = PBXFileReference; fileEncoding = 4; lastKnownFileType = sourcecode.c.objc; path = SECenterViewController.m; sourceTree = "<group>"; };
		118AFC23175D99E600A6A2FF /* SECenterViewController.xib */ = {isa = PBXFileReference; fileEncoding = 4; lastKnownFileType = file.xib; path = SECenterViewController.xib; sourceTree = "<group>"; };
		118AFC26175D9A5600A6A2FF /* SEHomeViewController.h */ = {isa = PBXFileReference; fileEncoding = 4; lastKnownFileType = sourcecode.c.h; path = SEHomeViewController.h; sourceTree = "<group>"; };
		118AFC27175D9A5600A6A2FF /* SEHomeViewController.m */ = {isa = PBXFileReference; fileEncoding = 4; lastKnownFileType = sourcecode.c.objc; path = SEHomeViewController.m; sourceTree = "<group>"; };
		118AFC28175D9A5600A6A2FF /* SEHomeViewController.xib */ = {isa = PBXFileReference; fileEncoding = 4; lastKnownFileType = file.xib; path = SEHomeViewController.xib; sourceTree = "<group>"; };
		118AFC2F175D9B9B00A6A2FF /* SESettingViewController.h */ = {isa = PBXFileReference; fileEncoding = 4; lastKnownFileType = sourcecode.c.h; path = SESettingViewController.h; sourceTree = "<group>"; };
		118AFC30175D9B9B00A6A2FF /* SESettingViewController.m */ = {isa = PBXFileReference; fileEncoding = 4; lastKnownFileType = sourcecode.c.objc; path = SESettingViewController.m; sourceTree = "<group>"; };
		118AFC31175D9B9B00A6A2FF /* SESettingViewController.xib */ = {isa = PBXFileReference; fileEncoding = 4; lastKnownFileType = file.xib; path = SESettingViewController.xib; sourceTree = "<group>"; };
		118AFC34175D9BC100A6A2FF /* SESourceViewController.h */ = {isa = PBXFileReference; fileEncoding = 4; lastKnownFileType = sourcecode.c.h; path = SESourceViewController.h; sourceTree = "<group>"; };
		118AFC35175D9BC100A6A2FF /* SESourceViewController.m */ = {isa = PBXFileReference; fileEncoding = 4; lastKnownFileType = sourcecode.c.objc; path = SESourceViewController.m; sourceTree = "<group>"; };
		118AFC36175D9BC100A6A2FF /* SESourceViewController.xib */ = {isa = PBXFileReference; fileEncoding = 4; lastKnownFileType = file.xib; path = SESourceViewController.xib; sourceTree = "<group>"; };
		118AFC39175D9D7200A6A2FF /* SEFallsDataController.h */ = {isa = PBXFileReference; fileEncoding = 4; lastKnownFileType = sourcecode.c.h; path = SEFallsDataController.h; sourceTree = "<group>"; };
		118AFC3A175D9D7200A6A2FF /* SEFallsDataController.m */ = {isa = PBXFileReference; fileEncoding = 4; lastKnownFileType = sourcecode.c.objc; path = SEFallsDataController.m; sourceTree = "<group>"; };
		118AFC49175DA3E000A6A2FF /* libsqlite3.dylib */ = {isa = PBXFileReference; lastKnownFileType = "compiled.mach-o.dylib"; name = libsqlite3.dylib; path = usr/lib/libsqlite3.dylib; sourceTree = SDKROOT; };
		118AFC55175DB89000A6A2FF /* SESourceDataSource.h */ = {isa = PBXFileReference; fileEncoding = 4; lastKnownFileType = sourcecode.c.h; path = SESourceDataSource.h; sourceTree = "<group>"; };
		118AFC56175DB89000A6A2FF /* SESourceDataSource.m */ = {isa = PBXFileReference; fileEncoding = 4; lastKnownFileType = sourcecode.c.objc; path = SESourceDataSource.m; sourceTree = "<group>"; };
		118AFC81175DC33E00A6A2FF /* SESourceDataController.h */ = {isa = PBXFileReference; fileEncoding = 4; lastKnownFileType = sourcecode.c.h; path = SESourceDataController.h; sourceTree = "<group>"; };
		118AFC82175DC33E00A6A2FF /* SESourceDataController.m */ = {isa = PBXFileReference; fileEncoding = 4; lastKnownFileType = sourcecode.c.objc; path = SESourceDataController.m; sourceTree = "<group>"; };
		118AFC98175DCC2900A6A2FF /* CoreFoundation.framework */ = {isa = PBXFileReference; lastKnownFileType = wrapper.framework; name = CoreFoundation.framework; path = System/Library/Frameworks/CoreFoundation.framework; sourceTree = SDKROOT; };
		118AFCA8175DCC4700A6A2FF /* iSeeSources.bundle */ = {isa = PBXFileReference; explicitFileType = wrapper.cfbundle; includeInIndex = 0; path = iSeeSources.bundle; sourceTree = BUILT_PRODUCTS_DIR; };
		118AFCAC175DCC4700A6A2FF /* iSeeSources-Info.plist */ = {isa = PBXFileReference; lastKnownFileType = text.plist.xml; path = "iSeeSources-Info.plist"; sourceTree = "<group>"; };
		118AFCAE175DCC4700A6A2FF /* en */ = {isa = PBXFileReference; lastKnownFileType = text.plist.strings; name = en; path = en.lproj/InfoPlist.strings; sourceTree = "<group>"; };
		118AFCB0175DCC4700A6A2FF /* iSeeSources-Prefix.pch */ = {isa = PBXFileReference; lastKnownFileType = sourcecode.c.h; path = "iSeeSources-Prefix.pch"; sourceTree = "<group>"; };
		118AFCB9175DD0D800A6A2FF /* BaiduSourceItem.xib */ = {isa = PBXFileReference; fileEncoding = 4; lastKnownFileType = file.xib; path = BaiduSourceItem.xib; sourceTree = "<group>"; };
		118AFCBC175DD42D00A6A2FF /* SEImageView.h */ = {isa = PBXFileReference; fileEncoding = 4; lastKnownFileType = sourcecode.c.h; path = SEImageView.h; sourceTree = "<group>"; };
		118AFCBD175DD42D00A6A2FF /* SEImageView.m */ = {isa = PBXFileReference; fileEncoding = 4; lastKnownFileType = sourcecode.c.objc; path = SEImageView.m; sourceTree = "<group>"; };
		118AFCBF175DDE7000A6A2FF /* SEGridDataController.h */ = {isa = PBXFileReference; fileEncoding = 4; lastKnownFileType = sourcecode.c.h; path = SEGridDataController.h; sourceTree = "<group>"; };
		118AFCC0175DDE7000A6A2FF /* SEGridDataController.m */ = {isa = PBXFileReference; fileEncoding = 4; lastKnownFileType = sourcecode.c.objc; path = SEGridDataController.m; sourceTree = "<group>"; };
		118AFCC2175DE01600A6A2FF /* SEURLDataSource.h */ = {isa = PBXFileReference; fileEncoding = 4; lastKnownFileType = sourcecode.c.h; path = SEURLDataSource.h; sourceTree = "<group>"; };
		118AFCC3175DE01600A6A2FF /* SEURLDataSource.m */ = {isa = PBXFileReference; fileEncoding = 4; lastKnownFileType = sourcecode.c.objc; path = SEURLDataSource.m; sourceTree = "<group>"; };
		118AFCC5175DE24B00A6A2FF /* SEURLTask.h */ = {isa = PBXFileReference; lastKnownFileType = sourcecode.c.h; path = SEURLTask.h; sourceTree = "<group>"; };
		118AFCC6175DE3AD00A6A2FF /* SEURLService.h */ = {isa = PBXFileReference; fileEncoding = 4; lastKnownFileType = sourcecode.c.h; path = SEURLService.h; sourceTree = "<group>"; };
		118AFCC7175DE3AD00A6A2FF /* SEURLService.m */ = {isa = PBXFileReference; fileEncoding = 4; lastKnownFileType = sourcecode.c.objc; path = SEURLService.m; sourceTree = "<group>"; };
		11D6F6F0175DE75D006C091C /* BaiduItem.xib */ = {isa = PBXFileReference; fileEncoding = 4; lastKnownFileType = file.xib; path = BaiduItem.xib; sourceTree = "<group>"; };
		11D6F6F4175ED35C006C091C /* SEImageViewController.h */ = {isa = PBXFileReference; fileEncoding = 4; lastKnownFileType = sourcecode.c.h; path = SEImageViewController.h; sourceTree = "<group>"; };
		11D6F6F5175ED35D006C091C /* SEImageViewController.m */ = {isa = PBXFileReference; fileEncoding = 4; lastKnownFileType = sourcecode.c.objc; path = SEImageViewController.m; sourceTree = "<group>"; };
		11D6F6F6175ED35D006C091C /* SEImageViewController.xib */ = {isa = PBXFileReference; fileEncoding = 4; lastKnownFileType = file.xib; path = SEImageViewController.xib; sourceTree = "<group>"; };
		11D6F705175ED6E5006C091C /* BaiduDetailItem.xib */ = {isa = PBXFileReference; fileEncoding = 4; lastKnownFileType = file.xib; path = BaiduDetailItem.xib; sourceTree = "<group>"; };
		11D6F707175ED713006C091C /* SEPhotoItemViewController.h */ = {isa = PBXFileReference; fileEncoding = 4; lastKnownFileType = sourcecode.c.h; path = SEPhotoItemViewController.h; sourceTree = "<group>"; };
		11D6F708175ED713006C091C /* SEPhotoItemViewController.m */ = {isa = PBXFileReference; fileEncoding = 4; lastKnownFileType = sourcecode.c.objc; path = SEPhotoItemViewController.m; sourceTree = "<group>"; };
		11D6F70A175ED9FD006C091C /* Localizable.strings */ = {isa = PBXFileReference; fileEncoding = 4; lastKnownFileType = text.plist.strings; path = Localizable.strings; sourceTree = "<group>"; };
		11D6F70E175EED3F006C091C /* libWeChatSDK.a */ = {isa = PBXFileReference; lastKnownFileType = archive.ar; path = libWeChatSDK.a; sourceTree = "<group>"; };
		11D6F70F175EED3F006C091C /* libWeChatSDK_armv7_armv7s.a */ = {isa = PBXFileReference; lastKnownFileType = archive.ar; path = libWeChatSDK_armv7_armv7s.a; sourceTree = "<group>"; };
		11D6F710175EED3F006C091C /* WXApi.h */ = {isa = PBXFileReference; fileEncoding = 4; lastKnownFileType = sourcecode.c.h; path = WXApi.h; sourceTree = "<group>"; };
		11D6F711175EED3F006C091C /* WXApiObject.h */ = {isa = PBXFileReference; fileEncoding = 4; lastKnownFileType = sourcecode.c.h; path = WXApiObject.h; sourceTree = "<group>"; };
		11D6F718175F3078006C091C /* SEContainerViewController.h */ = {isa = PBXFileReference; fileEncoding = 4; lastKnownFileType = sourcecode.c.h; path = SEContainerViewController.h; sourceTree = "<group>"; };
		11D6F719175F3081006C091C /* SEContainerViewController.m */ = {isa = PBXFileReference; fileEncoding = 4; lastKnownFileType = sourcecode.c.objc; path = SEContainerViewController.m; sourceTree = "<group>"; };
		11D6F71D175F311E006C091C /* SEGridViewController.xib */ = {isa = PBXFileReference; fileEncoding = 4; lastKnownFileType = file.xib; path = SEGridViewController.xib; sourceTree = "<group>"; };
		11D6F720175F3755006C091C /* SEFallsViewController.xib */ = {isa = PBXFileReference; fileEncoding = 4; lastKnownFileType = file.xib; path = SEFallsViewController.xib; sourceTree = "<group>"; };
		11D6F72B175F3FEA006C091C /* MeilishuoSourceItem.xib */ = {isa = PBXFileReference; fileEncoding = 4; lastKnownFileType = file.xib; path = MeilishuoSourceItem.xib; sourceTree = "<group>"; };
		11D6F72D175F4037006C091C /* MeilishuoItem.xib */ = {isa = PBXFileReference; fileEncoding = 4; lastKnownFileType = file.xib; path = MeilishuoItem.xib; sourceTree = "<group>"; };
		11D6F72F175F4074006C091C /* MeilishuoDetailItem.xib */ = {isa = PBXFileReference; fileEncoding = 4; lastKnownFileType = file.xib; path = MeilishuoDetailItem.xib; sourceTree = "<group>"; };
		11EE82761760724200219D52 /* SEBrowserViewController.h */ = {isa = PBXFileReference; fileEncoding = 4; lastKnownFileType = sourcecode.c.h; path = SEBrowserViewController.h; sourceTree = "<group>"; };
		11EE82771760724200219D52 /* SEBrowserViewController.m */ = {isa = PBXFileReference; fileEncoding = 4; lastKnownFileType = sourcecode.c.objc; path = SEBrowserViewController.m; sourceTree = "<group>"; };
		11EE82781760724200219D52 /* SEBrowserViewController.xib */ = {isa = PBXFileReference; fileEncoding = 4; lastKnownFileType = file.xib; path = SEBrowserViewController.xib; sourceTree = "<group>"; };
/* End PBXFileReference section */

/* Begin PBXFrameworksBuildPhase section */
		118AFB37175D908800A6A2FF /* Frameworks */ = {
			isa = PBXFrameworksBuildPhase;
			buildActionMask = 2147483647;
			files = (
				111638A017632F12009979D3 /* libxml2.dylib in Frameworks */,
				118AFC4A175DA3E000A6A2FF /* libsqlite3.dylib in Frameworks */,
				118AFBDB175D987000A6A2FF /* MessageUI.framework in Frameworks */,
				118AFBCB175D981F00A6A2FF /* Social.framework in Frameworks */,
				118AFBC9175D981A00A6A2FF /* QuartzCore.framework in Frameworks */,
				118AFBC7175D981600A6A2FF /* libz.dylib in Frameworks */,
				118AFB3E175D908800A6A2FF /* UIKit.framework in Frameworks */,
				118AFB40175D908800A6A2FF /* Foundation.framework in Frameworks */,
				118AFB42175D908800A6A2FF /* CoreGraphics.framework in Frameworks */,
				118AFB44175D908800A6A2FF /* ImageIO.framework in Frameworks */,
				118AFB46175D908800A6A2FF /* vTeam.framework in Frameworks */,
				118AFBE7175D98F400A6A2FF /* iSocial.framework in Frameworks */,
				118AFBF4175D997000A6A2FF /* libWeChatSDK.a in Frameworks */,
				118AFBF5175D997200A6A2FF /* libWeChatSDK_armv7_armv7s.a in Frameworks */,
			);
			runOnlyForDeploymentPostprocessing = 0;
		};
		118AFCA5175DCC4700A6A2FF /* Frameworks */ = {
			isa = PBXFrameworksBuildPhase;
			buildActionMask = 2147483647;
			files = (
			);
			runOnlyForDeploymentPostprocessing = 0;
		};
/* End PBXFrameworksBuildPhase section */

/* Begin PBXGroup section */
		118AFB31175D908800A6A2FF = {
			isa = PBXGroup;
			children = (
				118AFBD4175D986700A6A2FF /* vTeam.xcodeproj */,
				118AFBBA175D97E200A6A2FF /* iSocial.xcodeproj */,
				11D6F712175EED3F006C091C /* WeChatSDK */,
				118AFB47175D908800A6A2FF /* iSee */,
				118AFCAA175DCC4700A6A2FF /* iSeeSources */,
				118AFB3C175D908800A6A2FF /* Frameworks */,
				118AFB3B175D908800A6A2FF /* Products */,
			);
			sourceTree = "<group>";
		};
		118AFB3B175D908800A6A2FF /* Products */ = {
			isa = PBXGroup;
			children = (
				118AFB3A175D908800A6A2FF /* iSee.app */,
				118AFCA8175DCC4700A6A2FF /* iSeeSources.bundle */,
			);
			name = Products;
			sourceTree = "<group>";
		};
		118AFB3C175D908800A6A2FF /* Frameworks */ = {
			isa = PBXGroup;
			children = (
				118AFC49175DA3E000A6A2FF /* libsqlite3.dylib */,
				118AFBF0175D996700A6A2FF /* libWeChatSDK.a */,
				118AFBF2175D996B00A6A2FF /* libWeChatSDK_armv7_armv7s.a */,
				1116389F17632F12009979D3 /* libxml2.dylib */,
				118AFBDA175D987000A6A2FF /* MessageUI.framework */,
				118AFBCA175D981F00A6A2FF /* Social.framework */,
				118AFBC8175D981A00A6A2FF /* QuartzCore.framework */,
				118AFBC6175D981600A6A2FF /* libz.dylib */,
				118AFB3D175D908800A6A2FF /* UIKit.framework */,
				118AFB3F175D908800A6A2FF /* Foundation.framework */,
				118AFB41175D908800A6A2FF /* CoreGraphics.framework */,
				118AFB43175D908800A6A2FF /* ImageIO.framework */,
				118AFB45175D908800A6A2FF /* vTeam.framework */,
				118AFBE6175D98F400A6A2FF /* iSocial.framework */,
				118AFC98175DCC2900A6A2FF /* CoreFoundation.framework */,
			);
			name = Frameworks;
			sourceTree = "<group>";
		};
		118AFB47175D908800A6A2FF /* iSee */ = {
			isa = PBXGroup;
			children = (
				118AFB63175D908800A6A2FF /* SEContext.h */,
				118AFB64175D908800A6A2FF /* SEShell.h */,
				118AFB65175D908800A6A2FF /* SEShell.m */,
				118AFB67175D908800A6A2FF /* cfg.plist */,
				118AFB69175D908800A6A2FF /* SEMain.xib */,
				11D6F70A175ED9FD006C091C /* Localizable.strings */,
				118AFCBB175DD40E00A6A2FF /* Views */,
				118AFC4B175DA4B700A6A2FF /* DB */,
				118AFB61175D908800A6A2FF /* Resource */,
				118AFB5D175D908800A6A2FF /* Theme */,
				118AFB58175D908800A6A2FF /* ViewController */,
				118AFB56175D908800A6A2FF /* Controller */,
				118AFB54175D908800A6A2FF /* DataSource */,
				118AFB52175D908800A6A2FF /* Services */,
				118AFB50175D908800A6A2FF /* Tasks */,
				118AFB48175D908800A6A2FF /* Supporting Files */,
			);
			path = iSee;
			sourceTree = "<group>";
		};
		118AFB48175D908800A6A2FF /* Supporting Files */ = {
			isa = PBXGroup;
			children = (
				118AFBE8175D990A00A6A2FF /* Default-568h@2x.png */,
				118AFB49175D908800A6A2FF /* iSee-Info.plist */,
				118AFB4A175D908800A6A2FF /* InfoPlist.strings */,
				118AFB4D175D908800A6A2FF /* main.m */,
				118AFB4F175D908800A6A2FF /* iSee-Prefix.pch */,
			);
			name = "Supporting Files";
			sourceTree = "<group>";
		};
		118AFB50175D908800A6A2FF /* Tasks */ = {
			isa = PBXGroup;
			children = (
				118AFCC5175DE24B00A6A2FF /* SEURLTask.h */,
			);
			path = Tasks;
			sourceTree = "<group>";
		};
		118AFB52175D908800A6A2FF /* Services */ = {
			isa = PBXGroup;
			children = (
				118AFCC6175DE3AD00A6A2FF /* SEURLService.h */,
				118AFCC7175DE3AD00A6A2FF /* SEURLService.m */,
			);
			path = Services;
			sourceTree = "<group>";
		};
		118AFB54175D908800A6A2FF /* DataSource */ = {
			isa = PBXGroup;
			children = (
				118AFC55175DB89000A6A2FF /* SESourceDataSource.h */,
				118AFC56175DB89000A6A2FF /* SESourceDataSource.m */,
				118AFCC2175DE01600A6A2FF /* SEURLDataSource.h */,
				118AFCC3175DE01600A6A2FF /* SEURLDataSource.m */,
			);
			path = DataSource;
			sourceTree = "<group>";
		};
		118AFB56175D908800A6A2FF /* Controller */ = {
			isa = PBXGroup;
			children = (
				118AFC39175D9D7200A6A2FF /* SEFallsDataController.h */,
				118AFC3A175D9D7200A6A2FF /* SEFallsDataController.m */,
				118AFC81175DC33E00A6A2FF /* SESourceDataController.h */,
				118AFC82175DC33E00A6A2FF /* SESourceDataController.m */,
				118AFCBF175DDE7000A6A2FF /* SEGridDataController.h */,
				118AFCC0175DDE7000A6A2FF /* SEGridDataController.m */,
			);
			path = Controller;
			sourceTree = "<group>";
		};
		118AFB58175D908800A6A2FF /* ViewController */ = {
			isa = PBXGroup;
			children = (
				118AFB5A175D908800A6A2FF /* SEViewController.h */,
				118AFB5B175D908800A6A2FF /* SEViewController.m */,
				118AFC21175D99E600A6A2FF /* SECenterViewController.h */,
				118AFC22175D99E600A6A2FF /* SECenterViewController.m */,
				118AFC23175D99E600A6A2FF /* SECenterViewController.xib */,
				11D6F718175F3078006C091C /* SEContainerViewController.h */,
				11D6F719175F3081006C091C /* SEContainerViewController.m */,
				11D6F71D175F311E006C091C /* SEGridViewController.xib */,
				11D6F720175F3755006C091C /* SEFallsViewController.xib */,
				118AFC26175D9A5600A6A2FF /* SEHomeViewController.h */,
				118AFC27175D9A5600A6A2FF /* SEHomeViewController.m */,
				118AFC28175D9A5600A6A2FF /* SEHomeViewController.xib */,
				118AFC2F175D9B9B00A6A2FF /* SESettingViewController.h */,
				118AFC30175D9B9B00A6A2FF /* SESettingViewController.m */,
				118AFC31175D9B9B00A6A2FF /* SESettingViewController.xib */,
				118AFC34175D9BC100A6A2FF /* SESourceViewController.h */,
				118AFC35175D9BC100A6A2FF /* SESourceViewController.m */,
				118AFC36175D9BC100A6A2FF /* SESourceViewController.xib */,
				11D6F6F4175ED35C006C091C /* SEImageViewController.h */,
				11D6F6F5175ED35D006C091C /* SEImageViewController.m */,
				11D6F6F6175ED35D006C091C /* SEImageViewController.xib */,
				11D6F707175ED713006C091C /* SEPhotoItemViewController.h */,
				11D6F708175ED713006C091C /* SEPhotoItemViewController.m */,
				11EE82761760724200219D52 /* SEBrowserViewController.h */,
				11EE82771760724200219D52 /* SEBrowserViewController.m */,
				11EE82781760724200219D52 /* SEBrowserViewController.xib */,
			);
			path = ViewController;
			sourceTree = "<group>";
		};
		118AFB5D175D908800A6A2FF /* Theme */ = {
			isa = PBXGroup;
			children = (
				118AFB5F175D908800A6A2FF /* SEThemeDefault.xib */,
			);
			path = Theme;
			sourceTree = "<group>";
		};
		118AFB61175D908800A6A2FF /* Resource */ = {
			isa = PBXGroup;
			children = (
				118AFBF7175D99C500A6A2FF /* bg.png */,
				118AFBF8175D99C500A6A2FF /* bg@2x.png */,
				118AFBF9175D99C500A6A2FF /* ico_back.png */,
				118AFBFA175D99C500A6A2FF /* ico_back@2x.png */,
				118AFBFB175D99C500A6A2FF /* item_bg.png */,
				118AFBFC175D99C500A6A2FF /* item_bg@2x.png */,
				118AFBFD175D99C500A6A2FF /* heart.png */,
				118AFBFE175D99C500A6A2FF /* heart@2x.png */,
				118AFBFF175D99C500A6A2FF /* Shadowright.png */,
				118AFC00175D99C500A6A2FF /* Shadowleft.png */,
				118AFC01175D99C500A6A2FF /* ref_down.png */,
				118AFC02175D99C500A6A2FF /* Shadowleft@2x.png */,
				118AFC03175D99C500A6A2FF /* Shadowright@2x.png */,
				118AFC04175D99C500A6A2FF /* bar_bg@2x.png */,
				118AFC05175D99C500A6A2FF /* ref_down@2x.png */,
				118AFC06175D99C500A6A2FF /* ico_classify.png */,
				118AFC07175D99C500A6A2FF /* ico_classify@2x.png */,
				118AFC08175D99C500A6A2FF /* over_top.png */,
				118AFC09175D99C500A6A2FF /* over_top@2x.png */,
				118AFC0A175D99C500A6A2FF /* over_down.png */,
				118AFC0B175D99C500A6A2FF /* over_down@2x.png */,
			);
			path = Resource;
			sourceTree = "<group>";
		};
		118AFBBB175D97E200A6A2FF /* Products */ = {
			isa = PBXGroup;
			children = (
				118AFBC0175D97E200A6A2FF /* iSocial.framework */,
			);
			name = Products;
			sourceTree = "<group>";
		};
		118AFBD5175D986700A6A2FF /* Products */ = {
			isa = PBXGroup;
			children = (
				118AFBD9175D986700A6A2FF /* vTeam.framework */,
			);
			name = Products;
			sourceTree = "<group>";
		};
		118AFC4B175DA4B700A6A2FF /* DB */ = {
			isa = PBXGroup;
			children = (
			);
			name = DB;
			sourceTree = "<group>";
		};
		118AFCAA175DCC4700A6A2FF /* iSeeSources */ = {
			isa = PBXGroup;
			children = (
				118AFCAB175DCC4700A6A2FF /* Supporting Files */,
				118AFCB9175DD0D800A6A2FF /* BaiduSourceItem.xib */,
				11D6F6F0175DE75D006C091C /* BaiduItem.xib */,
				11D6F705175ED6E5006C091C /* BaiduDetailItem.xib */,
				11D6F72B175F3FEA006C091C /* MeilishuoSourceItem.xib */,
				11D6F72D175F4037006C091C /* MeilishuoItem.xib */,
				11D6F72F175F4074006C091C /* MeilishuoDetailItem.xib */,
			);
			path = iSeeSources;
			sourceTree = "<group>";
		};
		118AFCAB175DCC4700A6A2FF /* Supporting Files */ = {
			isa = PBXGroup;
			children = (
				118AFCAC175DCC4700A6A2FF /* iSeeSources-Info.plist */,
				118AFCAD175DCC4700A6A2FF /* InfoPlist.strings */,
				118AFCB0175DCC4700A6A2FF /* iSeeSources-Prefix.pch */,
			);
			name = "Supporting Files";
			sourceTree = "<group>";
		};
		118AFCBB175DD40E00A6A2FF /* Views */ = {
			isa = PBXGroup;
			children = (
				118AFCBC175DD42D00A6A2FF /* SEImageView.h */,
				118AFCBD175DD42D00A6A2FF /* SEImageView.m */,
			);
			name = Views;
			sourceTree = "<group>";
		};
		11D6F712175EED3F006C091C /* WeChatSDK */ = {
			isa = PBXGroup;
			children = (
				11D6F70E175EED3F006C091C /* libWeChatSDK.a */,
				11D6F70F175EED3F006C091C /* libWeChatSDK_armv7_armv7s.a */,
				11D6F710175EED3F006C091C /* WXApi.h */,
				11D6F711175EED3F006C091C /* WXApiObject.h */,
			);
			name = WeChatSDK;
			path = ../../iSocial/iSocial/WeChatSDK;
			sourceTree = "<group>";
		};
/* End PBXGroup section */

/* Begin PBXNativeTarget section */
		118AFB39175D908800A6A2FF /* iSee */ = {
			isa = PBXNativeTarget;
			buildConfigurationList = 118AFB6D175D908800A6A2FF /* Build configuration list for PBXNativeTarget "iSee" */;
			buildPhases = (
				118AFB36175D908800A6A2FF /* Sources */,
				118AFB37175D908800A6A2FF /* Frameworks */,
				118AFB38175D908800A6A2FF /* Resources */,
			);
			buildRules = (
			);
			dependencies = (
				118AFCB7175DCC6E00A6A2FF /* PBXTargetDependency */,
				118AFBDD175D987A00A6A2FF /* PBXTargetDependency */,
				118AFBCF175D982B00A6A2FF /* PBXTargetDependency */,
			);
			name = iSee;
			productName = iSee;
			productReference = 118AFB3A175D908800A6A2FF /* iSee.app */;
			productType = "com.apple.product-type.application";
		};
		118AFCA7175DCC4700A6A2FF /* iSeeSources */ = {
			isa = PBXNativeTarget;
			buildConfigurationList = 118AFCB1175DCC4700A6A2FF /* Build configuration list for PBXNativeTarget "iSeeSources" */;
			buildPhases = (
				118AFCA4175DCC4700A6A2FF /* Sources */,
				118AFCA5175DCC4700A6A2FF /* Frameworks */,
				118AFCA6175DCC4700A6A2FF /* Resources */,
			);
			buildRules = (
			);
			dependencies = (
			);
			name = iSeeSources;
			productName = iSeeSources;
			productReference = 118AFCA8175DCC4700A6A2FF /* iSeeSources.bundle */;
			productType = "com.apple.product-type.bundle";
		};
/* End PBXNativeTarget section */

/* Begin PBXProject section */
		118AFB32175D908800A6A2FF /* Project object */ = {
			isa = PBXProject;
			attributes = {
				CLASSPREFIX = SE;
				LastUpgradeCheck = 0460;
				ORGANIZATIONNAME = hailong.org;
			};
			buildConfigurationList = 118AFB35175D908800A6A2FF /* Build configuration list for PBXProject "iSee" */;
			compatibilityVersion = "Xcode 3.2";
			developmentRegion = English;
			hasScannedForEncodings = 0;
			knownRegions = (
				en,
			);
			mainGroup = 118AFB31175D908800A6A2FF;
			productRefGroup = 118AFB3B175D908800A6A2FF /* Products */;
			projectDirPath = "";
			projectReferences = (
				{
					ProductGroup = 118AFBBB175D97E200A6A2FF /* Products */;
					ProjectRef = 118AFBBA175D97E200A6A2FF /* iSocial.xcodeproj */;
				},
				{
					ProductGroup = 118AFBD5175D986700A6A2FF /* Products */;
					ProjectRef = 118AFBD4175D986700A6A2FF /* vTeam.xcodeproj */;
				},
			);
			projectRoot = "";
			targets = (
				118AFB39175D908800A6A2FF /* iSee */,
				118AFCA7175DCC4700A6A2FF /* iSeeSources */,
			);
		};
/* End PBXProject section */

/* Begin PBXReferenceProxy section */
		118AFBC0175D97E200A6A2FF /* iSocial.framework */ = {
			isa = PBXReferenceProxy;
			fileType = wrapper.cfbundle;
			path = iSocial.framework;
			remoteRef = 118AFBBF175D97E200A6A2FF /* PBXContainerItemProxy */;
			sourceTree = BUILT_PRODUCTS_DIR;
		};
		118AFBD9175D986700A6A2FF /* vTeam.framework */ = {
			isa = PBXReferenceProxy;
			fileType = wrapper.cfbundle;
			path = vTeam.framework;
			remoteRef = 118AFBD8175D986700A6A2FF /* PBXContainerItemProxy */;
			sourceTree = BUILT_PRODUCTS_DIR;
		};
/* End PBXReferenceProxy section */

/* Begin PBXResourcesBuildPhase section */
		118AFB38175D908800A6A2FF /* Resources */ = {
			isa = PBXResourcesBuildPhase;
			buildActionMask = 2147483647;
			files = (
				118AFCB8175DCCDD00A6A2FF /* iSeeSources.bundle in Resources */,
				118AFB4C175D908800A6A2FF /* InfoPlist.strings in Resources */,
				118AFB60175D908800A6A2FF /* SEThemeDefault.xib in Resources */,
				118AFB68175D908800A6A2FF /* cfg.plist in Resources */,
				118AFB6A175D908800A6A2FF /* SEMain.xib in Resources */,
				118AFBE9175D990A00A6A2FF /* Default-568h@2x.png in Resources */,
				118AFC0C175D99C500A6A2FF /* bg.png in Resources */,
				118AFC0D175D99C500A6A2FF /* bg@2x.png in Resources */,
				118AFC0E175D99C500A6A2FF /* ico_back.png in Resources */,
				118AFC0F175D99C500A6A2FF /* ico_back@2x.png in Resources */,
				118AFC10175D99C500A6A2FF /* item_bg.png in Resources */,
				118AFC11175D99C500A6A2FF /* item_bg@2x.png in Resources */,
				118AFC12175D99C500A6A2FF /* heart.png in Resources */,
				118AFC13175D99C500A6A2FF /* heart@2x.png in Resources */,
				118AFC14175D99C500A6A2FF /* Shadowright.png in Resources */,
				118AFC15175D99C500A6A2FF /* Shadowleft.png in Resources */,
				118AFC16175D99C500A6A2FF /* ref_down.png in Resources */,
				118AFC17175D99C500A6A2FF /* Shadowleft@2x.png in Resources */,
				118AFC18175D99C500A6A2FF /* Shadowright@2x.png in Resources */,
				118AFC19175D99C500A6A2FF /* bar_bg@2x.png in Resources */,
				118AFC1A175D99C500A6A2FF /* ref_down@2x.png in Resources */,
				118AFC1B175D99C500A6A2FF /* ico_classify.png in Resources */,
				118AFC1C175D99C500A6A2FF /* ico_classify@2x.png in Resources */,
				118AFC1D175D99C500A6A2FF /* over_top.png in Resources */,
				118AFC1E175D99C500A6A2FF /* over_top@2x.png in Resources */,
				118AFC1F175D99C500A6A2FF /* over_down.png in Resources */,
				118AFC20175D99C500A6A2FF /* over_down@2x.png in Resources */,
				118AFC25175D99E600A6A2FF /* SECenterViewController.xib in Resources */,
				118AFC2A175D9A5600A6A2FF /* SEHomeViewController.xib in Resources */,
				118AFC33175D9B9B00A6A2FF /* SESettingViewController.xib in Resources */,
				118AFC38175D9BC200A6A2FF /* SESourceViewController.xib in Resources */,
				11D6F6F8175ED35D006C091C /* SEImageViewController.xib in Resources */,
				11D6F70B175ED9FE006C091C /* Localizable.strings in Resources */,
				11D6F715175EED3F006C091C /* WXApi.h in Resources */,
				11D6F716175EED3F006C091C /* WXApiObject.h in Resources */,
				11D6F71F175F311F006C091C /* SEGridViewController.xib in Resources */,
				11D6F721175F3755006C091C /* SEFallsViewController.xib in Resources */,
				11EE827A1760724200219D52 /* SEBrowserViewController.xib in Resources */,
			);
			runOnlyForDeploymentPostprocessing = 0;
		};
		118AFCA6175DCC4700A6A2FF /* Resources */ = {
			isa = PBXResourcesBuildPhase;
			buildActionMask = 2147483647;
			files = (
				118AFCAF175DCC4700A6A2FF /* InfoPlist.strings in Resources */,
				118AFCBA175DD0D800A6A2FF /* BaiduSourceItem.xib in Resources */,
				11D6F6F1175DE75D006C091C /* BaiduItem.xib in Resources */,
				11D6F706175ED6E5006C091C /* BaiduDetailItem.xib in Resources */,
				11D6F72C175F3FEA006C091C /* MeilishuoSourceItem.xib in Resources */,
				11D6F72E175F4038006C091C /* MeilishuoItem.xib in Resources */,
				11D6F730175F4074006C091C /* MeilishuoDetailItem.xib in Resources */,
			);
			runOnlyForDeploymentPostprocessing = 0;
		};
/* End PBXResourcesBuildPhase section */

/* Begin PBXSourcesBuildPhase section */
		118AFB36175D908800A6A2FF /* Sources */ = {
			isa = PBXSourcesBuildPhase;
			buildActionMask = 2147483647;
			files = (
				118AFB4E175D908800A6A2FF /* main.m in Sources */,
				118AFB5C175D908800A6A2FF /* SEViewController.m in Sources */,
				118AFB66175D908800A6A2FF /* SEShell.m in Sources */,
				118AFC24175D99E600A6A2FF /* SECenterViewController.m in Sources */,
				118AFC29175D9A5600A6A2FF /* SEHomeViewController.m in Sources */,
				118AFC32175D9B9B00A6A2FF /* SESettingViewController.m in Sources */,
				118AFC37175D9BC200A6A2FF /* SESourceViewController.m in Sources */,
				118AFC3B175D9D7200A6A2FF /* SEFallsDataController.m in Sources */,
				118AFC57175DB89000A6A2FF /* SESourceDataSource.m in Sources */,
				118AFC83175DC33E00A6A2FF /* SESourceDataController.m in Sources */,
				118AFCBE175DD42D00A6A2FF /* SEImageView.m in Sources */,
				118AFCC1175DDE7100A6A2FF /* SEGridDataController.m in Sources */,
				118AFCC4175DE01600A6A2FF /* SEURLDataSource.m in Sources */,
				118AFCC8175DE3AD00A6A2FF /* SEURLService.m in Sources */,
				11D6F6F7175ED35D006C091C /* SEImageViewController.m in Sources */,
				11D6F709175ED714006C091C /* SEPhotoItemViewController.m in Sources */,
				11D6F71A175F3087006C091C /* SEContainerViewController.m in Sources */,
				11EE82791760724200219D52 /* SEBrowserViewController.m in Sources */,
			);
			runOnlyForDeploymentPostprocessing = 0;
		};
		118AFCA4175DCC4700A6A2FF /* Sources */ = {
			isa = PBXSourcesBuildPhase;
			buildActionMask = 2147483647;
			files = (
			);
			runOnlyForDeploymentPostprocessing = 0;
		};
/* End PBXSourcesBuildPhase section */

/* Begin PBXTargetDependency section */
		118AFBCF175D982B00A6A2FF /* PBXTargetDependency */ = {
			isa = PBXTargetDependency;
			name = iSocial;
			targetProxy = 118AFBCE175D982B00A6A2FF /* PBXContainerItemProxy */;
		};
		118AFBDD175D987A00A6A2FF /* PBXTargetDependency */ = {
			isa = PBXTargetDependency;
			name = vTeam;
			targetProxy = 118AFBDC175D987A00A6A2FF /* PBXContainerItemProxy */;
		};
		118AFCB7175DCC6E00A6A2FF /* PBXTargetDependency */ = {
			isa = PBXTargetDependency;
			target = 118AFCA7175DCC4700A6A2FF /* iSeeSources */;
			targetProxy = 118AFCB6175DCC6E00A6A2FF /* PBXContainerItemProxy */;
		};
/* End PBXTargetDependency section */

/* Begin PBXVariantGroup section */
		118AFB4A175D908800A6A2FF /* InfoPlist.strings */ = {
			isa = PBXVariantGroup;
			children = (
				118AFB4B175D908800A6A2FF /* en */,
			);
			name = InfoPlist.strings;
			sourceTree = "<group>";
		};
		118AFCAD175DCC4700A6A2FF /* InfoPlist.strings */ = {
			isa = PBXVariantGroup;
			children = (
				118AFCAE175DCC4700A6A2FF /* en */,
			);
			name = InfoPlist.strings;
			sourceTree = "<group>";
		};
/* End PBXVariantGroup section */

/* Begin XCBuildConfiguration section */
		118AFB6B175D908800A6A2FF /* Debug */ = {
			isa = XCBuildConfiguration;
			buildSettings = {
				ALWAYS_SEARCH_USER_PATHS = NO;
				CLANG_CXX_LANGUAGE_STANDARD = "gnu++0x";
				CLANG_CXX_LIBRARY = "libc++";
				CLANG_ENABLE_OBJC_ARC = YES;
				CLANG_WARN_CONSTANT_CONVERSION = YES;
				CLANG_WARN_EMPTY_BODY = YES;
				CLANG_WARN_ENUM_CONVERSION = YES;
				CLANG_WARN_INT_CONVERSION = YES;
				CLANG_WARN__DUPLICATE_METHOD_MATCH = YES;
				COPY_PHASE_STRIP = NO;
				GCC_C_LANGUAGE_STANDARD = gnu99;
				GCC_DYNAMIC_NO_PIC = NO;
				GCC_OPTIMIZATION_LEVEL = 0;
				GCC_PREPROCESSOR_DEFINITIONS = (
					"DEBUG=1",
					"$(inherited)",
				);
				GCC_SYMBOLS_PRIVATE_EXTERN = NO;
				GCC_WARN_ABOUT_RETURN_TYPE = YES;
				GCC_WARN_UNINITIALIZED_AUTOS = YES;
				GCC_WARN_UNUSED_VARIABLE = YES;
				IPHONEOS_DEPLOYMENT_TARGET = 6.1;
				ONLY_ACTIVE_ARCH = YES;
				SDKROOT = iphoneos;
			};
			name = Debug;
		};
		118AFB6C175D908800A6A2FF /* Release */ = {
			isa = XCBuildConfiguration;
			buildSettings = {
				ALWAYS_SEARCH_USER_PATHS = NO;
				CLANG_CXX_LANGUAGE_STANDARD = "gnu++0x";
				CLANG_CXX_LIBRARY = "libc++";
				CLANG_ENABLE_OBJC_ARC = YES;
				CLANG_WARN_CONSTANT_CONVERSION = YES;
				CLANG_WARN_EMPTY_BODY = YES;
				CLANG_WARN_ENUM_CONVERSION = YES;
				CLANG_WARN_INT_CONVERSION = YES;
				CLANG_WARN__DUPLICATE_METHOD_MATCH = YES;
				COPY_PHASE_STRIP = YES;
				GCC_C_LANGUAGE_STANDARD = gnu99;
				GCC_WARN_ABOUT_RETURN_TYPE = YES;
				GCC_WARN_UNINITIALIZED_AUTOS = YES;
				GCC_WARN_UNUSED_VARIABLE = YES;
				IPHONEOS_DEPLOYMENT_TARGET = 6.1;
				SDKROOT = iphoneos;
				VALIDATE_PRODUCT = YES;
			};
			name = Release;
		};
		118AFB6E175D908800A6A2FF /* Debug */ = {
			isa = XCBuildConfiguration;
			buildSettings = {
				FRAMEWORK_SEARCH_PATHS = (
					"$(inherited)",
					"\"$(SYSTEM_APPS_DIR)/Xcode.app/Contents/Developer/Library/Frameworks\"",
					"\"$(SRCROOT)/../../../../Library/Developer/Xcode/DerivedData/iSee-fehjetqbwerayhcecsvuvcqumwlj/Build/Products/Debug-iphoneos\"",
				);
				GCC_PRECOMPILE_PREFIX_HEADER = YES;
				GCC_PREFIX_HEADER = "iSee/iSee-Prefix.pch";
				INFOPLIST_FILE = "iSee/iSee-Info.plist";
				LIBRARY_SEARCH_PATHS = (
					"$(inherited)",
					"\"$(SRCROOT)/../../iSocial/iSocial/WeChatSDK\"",
				);
				PRODUCT_NAME = "$(TARGET_NAME)";
				WRAPPER_EXTENSION = app;
			};
			name = Debug;
		};
		118AFB6F175D908800A6A2FF /* Release */ = {
			isa = XCBuildConfiguration;
			buildSettings = {
				FRAMEWORK_SEARCH_PATHS = (
					"$(inherited)",
					"\"$(SYSTEM_APPS_DIR)/Xcode.app/Contents/Developer/Library/Frameworks\"",
					"\"$(SRCROOT)/../../../../Library/Developer/Xcode/DerivedData/iSee-fehjetqbwerayhcecsvuvcqumwlj/Build/Products/Debug-iphoneos\"",
				);
				GCC_PRECOMPILE_PREFIX_HEADER = YES;
				GCC_PREFIX_HEADER = "iSee/iSee-Prefix.pch";
				INFOPLIST_FILE = "iSee/iSee-Info.plist";
				LIBRARY_SEARCH_PATHS = (
					"$(inherited)",
					"\"$(SRCROOT)/../../iSocial/iSocial/WeChatSDK\"",
				);
				PRODUCT_NAME = "$(TARGET_NAME)";
				WRAPPER_EXTENSION = app;
			};
			name = Release;
		};
		118AFCB2175DCC4700A6A2FF /* Debug */ = {
			isa = XCBuildConfiguration;
			buildSettings = {
				ARCHS = "$(ARCHS_STANDARD_32_BIT)";
				COMBINE_HIDPI_IMAGES = YES;
				GCC_ENABLE_OBJC_EXCEPTIONS = YES;
				GCC_PRECOMPILE_PREFIX_HEADER = YES;
				GCC_PREFIX_HEADER = "iSeeSources/iSeeSources-Prefix.pch";
				GCC_WARN_64_TO_32_BIT_CONVERSION = YES;
				INFOPLIST_FILE = "iSeeSources/iSeeSources-Info.plist";
				INSTALL_PATH = "$(LOCAL_LIBRARY_DIR)/Bundles";
				LINK_WITH_STANDARD_LIBRARIES = NO;
				MACOSX_DEPLOYMENT_TARGET = 10.8;
				PRODUCT_NAME = "$(TARGET_NAME)";
				SDKROOT = iphoneos;
				WRAPPER_EXTENSION = bundle;
			};
			name = Debug;
		};
		118AFCB3175DCC4700A6A2FF /* Release */ = {
			isa = XCBuildConfiguration;
			buildSettings = {
				ARCHS = "$(ARCHS_STANDARD_32_BIT)";
				COMBINE_HIDPI_IMAGES = YES;
				DEBUG_INFORMATION_FORMAT = "dwarf-with-dsym";
				GCC_ENABLE_OBJC_EXCEPTIONS = YES;
				GCC_PRECOMPILE_PREFIX_HEADER = YES;
				GCC_PREFIX_HEADER = "iSeeSources/iSeeSources-Prefix.pch";
				GCC_WARN_64_TO_32_BIT_CONVERSION = YES;
				INFOPLIST_FILE = "iSeeSources/iSeeSources-Info.plist";
				INSTALL_PATH = "$(LOCAL_LIBRARY_DIR)/Bundles";
				LINK_WITH_STANDARD_LIBRARIES = NO;
				MACOSX_DEPLOYMENT_TARGET = 10.8;
				PRODUCT_NAME = "$(TARGET_NAME)";
				SDKROOT = iphoneos;
				WRAPPER_EXTENSION = bundle;
			};
			name = Release;
		};
/* End XCBuildConfiguration section */

/* Begin XCConfigurationList section */
		118AFB35175D908800A6A2FF /* Build configuration list for PBXProject "iSee" */ = {
			isa = XCConfigurationList;
			buildConfigurations = (
				118AFB6B175D908800A6A2FF /* Debug */,
				118AFB6C175D908800A6A2FF /* Release */,
			);
			defaultConfigurationIsVisible = 0;
			defaultConfigurationName = Release;
		};
		118AFB6D175D908800A6A2FF /* Build configuration list for PBXNativeTarget "iSee" */ = {
			isa = XCConfigurationList;
			buildConfigurations = (
				118AFB6E175D908800A6A2FF /* Debug */,
				118AFB6F175D908800A6A2FF /* Release */,
			);
			defaultConfigurationIsVisible = 0;
			defaultConfigurationName = Release;
		};
		118AFCB1175DCC4700A6A2FF /* Build configuration list for PBXNativeTarget "iSeeSources" */ = {
			isa = XCConfigurationList;
			buildConfigurations = (
				118AFCB2175DCC4700A6A2FF /* Debug */,
				118AFCB3175DCC4700A6A2FF /* Release */,
			);
			defaultConfigurationIsVisible = 0;
			defaultConfigurationName = Release;
		};
/* End XCConfigurationList section */
	};
	rootObject = 118AFB32175D908800A6A2FF /* Project object */;
}
